// !$*UTF8*$!
{
	archiveVersion = 1;
	classes = {
	};
	objectVersion = 77;
	objects = {

/* Begin PBXContainerItemProxy section */
		58218FBE2E58968C00455483 /* PBXContainerItemProxy */ = {
			isa = PBXContainerItemProxy;
			containerPortal = 58218FA42E58968A00455483 /* Project object */;
			proxyType = 1;
			remoteGlobalIDString = 58218FAB2E58968A00455483;
			remoteInfo = Teyemer;
		};
		58218FC82E58968C00455483 /* PBXContainerItemProxy */ = {
			isa = PBXContainerItemProxy;
			containerPortal = 58218FA42E58968A00455483 /* Project object */;
			proxyType = 1;
			remoteGlobalIDString = 58218FAB2E58968A00455483;
			remoteInfo = Teyemer;
		};
/* End PBXContainerItemProxy section */

/* Begin PBXFileReference section */
		58218FAC2E58968B00455483 /* Teyemer.app */ = {isa = PBXFileReference; explicitFileType = wrapper.application; includeInIndex = 0; path = Teyemer.app; sourceTree = BUILT_PRODUCTS_DIR; };
		58218FBD2E58968C00455483 /* TeyemerTests.xctest */ = {isa = PBXFileReference; explicitFileType = wrapper.cfbundle; includeInIndex = 0; path = TeyemerTests.xctest; sourceTree = BUILT_PRODUCTS_DIR; };
		58218FC72E58968C00455483 /* TeyemerUITests.xctest */ = {isa = PBXFileReference; explicitFileType = wrapper.cfbundle; includeInIndex = 0; path = TeyemerUITests.xctest; sourceTree = BUILT_PRODUCTS_DIR; };
/* End PBXFileReference section */

/* Begin PBXFileSystemSynchronizedRootGroup section */
		58218FAE2E58968B00455483 /* Teyemer */ = {
			isa = PBXFileSystemSynchronizedRootGroup;
			path = Teyemer;
			sourceTree = "<group>";
		};
		58218FC02E58968C00455483 /* TeyemerTests */ = {
			isa = PBXFileSystemSynchronizedRootGroup;
			path = TeyemerTests;
			sourceTree = "<group>";
		};
		58218FCA2E58968C00455483 /* TeyemerUITests */ = {
			isa = PBXFileSystemSynchronizedRootGroup;
			path = TeyemerUITests;
			sourceTree = "<group>";
		};
/* End PBXFileSystemSynchronizedRootGroup section */

/* Begin PBXFrameworksBuildPhase section */
		58218FA92E58968A00455483 /* Frameworks */ = {
			isa = PBXFrameworksBuildPhase;
			buildActionMask = 2147483647;
			files = (
			);
			runOnlyForDeploymentPostprocessing = 0;
		};
		58218FBA2E58968C00455483 /* Frameworks */ = {
			isa = PBXFrameworksBuildPhase;
			buildActionMask = 2147483647;
			files = (
			);
			runOnlyForDeploymentPostprocessing = 0;
		};
		58218FC42E58968C00455483 /* Frameworks */ = {
			isa = PBXFrameworksBuildPhase;
			buildActionMask = 2147483647;
			files = (
			);
			runOnlyForDeploymentPostprocessing = 0;
		};
/* End PBXFrameworksBuildPhase section */

/* Begin PBXGroup section */
		58218FA32E58968A00455483 = {
			isa = PBXGroup;
			children = (
				58218FAE2E58968B00455483 /* Teyemer */,
				58218FC02E58968C00455483 /* TeyemerTests */,
				58218FCA2E58968C00455483 /* TeyemerUITests */,
				58218FAD2E58968B00455483 /* Products */,
			);
			sourceTree = "<group>";
		};
		58218FAD2E58968B00455483 /* Products */ = {
			isa = PBXGroup;
			children = (
				58218FAC2E58968B00455483 /* Teyemer.app */,
				58218FBD2E58968C00455483 /* TeyemerTests.xctest */,
				58218FC72E58968C00455483 /* TeyemerUITests.xctest */,
			);
			name = Products;
			sourceTree = "<group>";
		};
/* End PBXGroup section */

/* Begin PBXNativeTarget section */
		58218FAB2E58968A00455483 /* Teyemer */ = {
			isa = PBXNativeTarget;
			buildConfigurationList = 58218FD12E58968C00455483 /* Build configuration list for PBXNativeTarget "Teyemer" */;
			buildPhases = (
				58218FA82E58968A00455483 /* Sources */,
				58218FA92E58968A00455483 /* Frameworks */,
				58218FAA2E58968A00455483 /* Resources */,
			);
			buildRules = (
			);
			dependencies = (
			);
			fileSystemSynchronizedGroups = (
				58218FAE2E58968B00455483 /* Teyemer */,
			);
			name = Teyemer;
			packageProductDependencies = (
			);
			productName = Teyemer;
			productReference = 58218FAC2E58968B00455483 /* Teyemer.app */;
			productType = "com.apple.product-type.application";
		};
		58218FBC2E58968C00455483 /* TeyemerTests */ = {
			isa = PBXNativeTarget;
			buildConfigurationList = 58218FD42E58968C00455483 /* Build configuration list for PBXNativeTarget "TeyemerTests" */;
			buildPhases = (
				58218FB92E58968C00455483 /* Sources */,
				58218FBA2E58968C00455483 /* Frameworks */,
				58218FBB2E58968C00455483 /* Resources */,
			);
			buildRules = (
			);
			dependencies = (
				58218FBF2E58968C00455483 /* PBXTargetDependency */,
			);
			fileSystemSynchronizedGroups = (
				58218FC02E58968C00455483 /* TeyemerTests */,
			);
			name = TeyemerTests;
			packageProductDependencies = (
			);
			productName = TeyemerTests;
			productReference = 58218FBD2E58968C00455483 /* TeyemerTests.xctest */;
			productType = "com.apple.product-type.bundle.unit-test";
		};
		58218FC62E58968C00455483 /* TeyemerUITests */ = {
			isa = PBXNativeTarget;
			buildConfigurationList = 58218FD72E58968C00455483 /* Build configuration list for PBXNativeTarget "TeyemerUITests" */;
			buildPhases = (
				58218FC32E58968C00455483 /* Sources */,
				58218FC42E58968C00455483 /* Frameworks */,
				58218FC52E58968C00455483 /* Resources */,
			);
			buildRules = (
			);
			dependencies = (
				58218FC92E58968C00455483 /* PBXTargetDependency */,
			);
			fileSystemSynchronizedGroups = (
				58218FCA2E58968C00455483 /* TeyemerUITests */,
			);
			name = TeyemerUITests;
			packageProductDependencies = (
			);
			productName = TeyemerUITests;
			productReference = 58218FC72E58968C00455483 /* TeyemerUITests.xctest */;
			productType = "com.apple.product-type.bundle.ui-testing";
		};
/* End PBXNativeTarget section */

/* Begin PBXProject section */
		58218FA42E58968A00455483 /* Project object */ = {
			isa = PBXProject;
			attributes = {
				BuildIndependentTargetsInParallel = 1;
				LastSwiftUpdateCheck = 1620;
				LastUpgradeCheck = 1620;
				TargetAttributes = {
					58218FAB2E58968A00455483 = {
						CreatedOnToolsVersion = 16.2;
					};
					58218FBC2E58968C00455483 = {
						CreatedOnToolsVersion = 16.2;
						TestTargetID = 58218FAB2E58968A00455483;
					};
					58218FC62E58968C00455483 = {
						CreatedOnToolsVersion = 16.2;
						TestTargetID = 58218FAB2E58968A00455483;
					};
				};
			};
			buildConfigurationList = 58218FA72E58968A00455483 /* Build configuration list for PBXProject "Teyemer" */;
			developmentRegion = en;
			hasScannedForEncodings = 0;
			knownRegions = (
				en,
				Base,
			);
			mainGroup = 58218FA32E58968A00455483;
			minimizedProjectReferenceProxies = 1;
			preferredProjectObjectVersion = 77;
			productRefGroup = 58218FAD2E58968B00455483 /* Products */;
			projectDirPath = "";
			projectRoot = "";
			targets = (
				58218FAB2E58968A00455483 /* Teyemer */,
				58218FBC2E58968C00455483 /* TeyemerTests */,
				58218FC62E58968C00455483 /* TeyemerUITests */,
			);
		};
/* End PBXProject section */

/* Begin PBXResourcesBuildPhase section */
		58218FAA2E58968A00455483 /* Resources */ = {
			isa = PBXResourcesBuildPhase;
			buildActionMask = 2147483647;
			files = (
			);
			runOnlyForDeploymentPostprocessing = 0;
		};
		58218FBB2E58968C00455483 /* Resources */ = {
			isa = PBXResourcesBuildPhase;
			buildActionMask = 2147483647;
			files = (
			);
			runOnlyForDeploymentPostprocessing = 0;
		};
		58218FC52E58968C00455483 /* Resources */ = {
			isa = PBXResourcesBuildPhase;
			buildActionMask = 2147483647;
			files = (
			);
			runOnlyForDeploymentPostprocessing = 0;
		};
/* End PBXResourcesBuildPhase section */

/* Begin PBXSourcesBuildPhase section */
		58218FA82E58968A00455483 /* Sources */ = {
			isa = PBXSourcesBuildPhase;
			buildActionMask = 2147483647;
			files = (
			);
			runOnlyForDeploymentPostprocessing = 0;
		};
		58218FB92E58968C00455483 /* Sources */ = {
			isa = PBXSourcesBuildPhase;
			buildActionMask = 2147483647;
			files = (
			);
			runOnlyForDeploymentPostprocessing = 0;
		};
		58218FC32E58968C00455483 /* Sources */ = {
			isa = PBXSourcesBuildPhase;
			buildActionMask = 2147483647;
			files = (
			);
			runOnlyForDeploymentPostprocessing = 0;
		};
/* End PBXSourcesBuildPhase section */

/* Begin PBXTargetDependency section */
		58218FBF2E58968C00455483 /* PBXTargetDependency */ = {
			isa = PBXTargetDependency;
			target = 58218FAB2E58968A00455483 /* Teyemer */;
			targetProxy = 58218FBE2E58968C00455483 /* PBXContainerItemProxy */;
		};
		58218FC92E58968C00455483 /* PBXTargetDependency */ = {
			isa = PBXTargetDependency;
			target = 58218FAB2E58968A00455483 /* Teyemer */;
			targetProxy = 58218FC82E58968C00455483 /* PBXContainerItemProxy */;
		};
/* End PBXTargetDependency section */

/* Begin XCBuildConfiguration section */
		58218FCF2E58968C00455483 /* Debug */ = {
			isa = XCBuildConfiguration;
			buildSettings = {
				ALWAYS_SEARCH_USER_PATHS = NO;
				ASSETCATALOG_COMPILER_GENERATE_SWIFT_ASSET_SYMBOL_EXTENSIONS = YES;
				CLANG_ANALYZER_NONNULL = YES;
				CLANG_ANALYZER_NUMBER_OBJECT_CONVERSION = YES_AGGRESSIVE;
				CLANG_CXX_LANGUAGE_STANDARD = "gnu++20";
				CLANG_ENABLE_MODULES = YES;
				CLANG_ENABLE_OBJC_ARC = YES;
				CLANG_ENABLE_OBJC_WEAK = YES;
				CLANG_WARN_BLOCK_CAPTURE_AUTORELEASING = YES;
				CLANG_WARN_BOOL_CONVERSION = YES;
				CLANG_WARN_COMMA = YES;
				CLANG_WARN_CONSTANT_CONVERSION = YES;
				CLANG_WARN_DEPRECATED_OBJC_IMPLEMENTATIONS = YES;
				CLANG_WARN_DIRECT_OBJC_ISA_USAGE = YES_ERROR;
				CLANG_WARN_DOCUMENTATION_COMMENTS = YES;
				CLANG_WARN_EMPTY_BODY = YES;
				CLANG_WARN_ENUM_CONVERSION = YES;
				CLANG_WARN_INFINITE_RECURSION = YES;
				CLANG_WARN_INT_CONVERSION = YES;
				CLANG_WARN_NON_LITERAL_NULL_CONVERSION = YES;
				CLANG_WARN_OBJC_IMPLICIT_RETAIN_SELF = YES;
				CLANG_WARN_OBJC_LITERAL_CONVERSION = YES;
				CLANG_WARN_OBJC_ROOT_CLASS = YES_ERROR;
				CLANG_WARN_QUOTED_INCLUDE_IN_FRAMEWORK_HEADER = YES;
				CLANG_WARN_RANGE_LOOP_ANALYSIS = YES;
				CLANG_WARN_STRICT_PROTOTYPES = YES;
				CLANG_WARN_SUSPICIOUS_MOVE = YES;
				CLANG_WARN_UNGUARDED_AVAILABILITY = YES_AGGRESSIVE;
				CLANG_WARN_UNREACHABLE_CODE = YES;
				CLANG_WARN__DUPLICATE_METHOD_MATCH = YES;
				COPY_PHASE_STRIP = NO;
				DEBUG_INFORMATION_FORMAT = dwarf;
				ENABLE_STRICT_OBJC_MSGSEND = YES;
				ENABLE_TESTABILITY = YES;
				ENABLE_USER_SCRIPT_SANDBOXING = YES;
				GCC_C_LANGUAGE_STANDARD = gnu17;
				GCC_DYNAMIC_NO_PIC = NO;
				GCC_NO_COMMON_BLOCKS = YES;
				GCC_OPTIMIZATION_LEVEL = 0;
				GCC_PREPROCESSOR_DEFINITIONS = (
					"DEBUG=1",
					"$(inherited)",
				);
				GCC_WARN_64_TO_32_BIT_CONVERSION = YES;
				GCC_WARN_ABOUT_RETURN_TYPE = YES_ERROR;
				GCC_WARN_UNDECLARED_SELECTOR = YES;
				GCC_WARN_UNINITIALIZED_AUTOS = YES_AGGRESSIVE;
				GCC_WARN_UNUSED_FUNCTION = YES;
				GCC_WARN_UNUSED_VARIABLE = YES;
				LOCALIZATION_PREFERS_STRING_CATALOGS = YES;
				MACOSX_DEPLOYMENT_TARGET = 14.5;
				MTL_ENABLE_DEBUG_INFO = INCLUDE_SOURCE;
				MTL_FAST_MATH = YES;
				ONLY_ACTIVE_ARCH = YES;
				SDKROOT = macosx;
				SWIFT_ACTIVE_COMPILATION_CONDITIONS = "DEBUG $(inherited)";
				SWIFT_OPTIMIZATION_LEVEL = "-Onone";
			};
			name = Debug;
		};
		58218FD02E58968C00455483 /* Release */ = {
			isa = XCBuildConfiguration;
			buildSettings = {
				ALWAYS_SEARCH_USER_PATHS = NO;
				ASSETCATALOG_COMPILER_GENERATE_SWIFT_ASSET_SYMBOL_EXTENSIONS = YES;
				CLANG_ANALYZER_NONNULL = YES;
				CLANG_ANALYZER_NUMBER_OBJECT_CONVERSION = YES_AGGRESSIVE;
				CLANG_CXX_LANGUAGE_STANDARD = "gnu++20";
				CLANG_ENABLE_MODULES = YES;
				CLANG_ENABLE_OBJC_ARC = YES;
				CLANG_ENABLE_OBJC_WEAK = YES;
				CLANG_WARN_BLOCK_CAPTURE_AUTORELEASING = YES;
				CLANG_WARN_BOOL_CONVERSION = YES;
				CLANG_WARN_COMMA = YES;
				CLANG_WARN_CONSTANT_CONVERSION = YES;
				CLANG_WARN_DEPRECATED_OBJC_IMPLEMENTATIONS = YES;
				CLANG_WARN_DIRECT_OBJC_ISA_USAGE = YES_ERROR;
				CLANG_WARN_DOCUMENTATION_COMMENTS = YES;
				CLANG_WARN_EMPTY_BODY = YES;
				CLANG_WARN_ENUM_CONVERSION = YES;
				CLANG_WARN_INFINITE_RECURSION = YES;
				CLANG_WARN_INT_CONVERSION = YES;
				CLANG_WARN_NON_LITERAL_NULL_CONVERSION = YES;
				CLANG_WARN_OBJC_IMPLICIT_RETAIN_SELF = YES;
				CLANG_WARN_OBJC_LITERAL_CONVERSION = YES;
				CLANG_WARN_OBJC_ROOT_CLASS = YES_ERROR;
				CLANG_WARN_QUOTED_INCLUDE_IN_FRAMEWORK_HEADER = YES;
				CLANG_WARN_RANGE_LOOP_ANALYSIS = YES;
				CLANG_WARN_STRICT_PROTOTYPES = YES;
				CLANG_WARN_SUSPICIOUS_MOVE = YES;
				CLANG_WARN_UNGUARDED_AVAILABILITY = YES_AGGRESSIVE;
				CLANG_WARN_UNREACHABLE_CODE = YES;
				CLANG_WARN__DUPLICATE_METHOD_MATCH = YES;
				COPY_PHASE_STRIP = NO;
				DEBUG_INFORMATION_FORMAT = "dwarf-with-dsym";
				ENABLE_NS_ASSERTIONS = NO;
				ENABLE_STRICT_OBJC_MSGSEND = YES;
				ENABLE_USER_SCRIPT_SANDBOXING = YES;
				GCC_C_LANGUAGE_STANDARD = gnu17;
				GCC_NO_COMMON_BLOCKS = YES;
				GCC_WARN_64_TO_32_BIT_CONVERSION = YES;
				GCC_WARN_ABOUT_RETURN_TYPE = YES_ERROR;
				GCC_WARN_UNDECLARED_SELECTOR = YES;
				GCC_WARN_UNINITIALIZED_AUTOS = YES_AGGRESSIVE;
				GCC_WARN_UNUSED_FUNCTION = YES;
				GCC_WARN_UNUSED_VARIABLE = YES;
				LOCALIZATION_PREFERS_STRING_CATALOGS = YES;
				MACOSX_DEPLOYMENT_TARGET = 14.5;
				MTL_ENABLE_DEBUG_INFO = NO;
				MTL_FAST_MATH = YES;
				SDKROOT = macosx;
				SWIFT_COMPILATION_MODE = wholemodule;
			};
			name = Release;
		};
		58218FD22E58968C00455483 /* Debug */ = {
			isa = XCBuildConfiguration;
			buildSettings = {
				ASSETCATALOG_COMPILER_APPICON_NAME = AppIcon;
				ASSETCATALOG_COMPILER_GLOBAL_ACCENT_COLOR_NAME = AccentColor;
				CODE_SIGN_ENTITLEMENTS = Teyemer/Teyemer.entitlements;
				CODE_SIGN_STYLE = Automatic;
				COMBINE_HIDPI_IMAGES = YES;
				CURRENT_PROJECT_VERSION = 1;
				DEVELOPMENT_ASSET_PATHS = "\"Teyemer/Preview Content\"";
				ENABLE_PREVIEWS = YES;
				GENERATE_INFOPLIST_FILE = YES;
				INFOPLIST_KEY_NSHumanReadableCopyright = "";
				LD_RUNPATH_SEARCH_PATHS = (
					"$(inherited)",
					"@executable_path/../Frameworks",
				);
				MARKETING_VERSION = 1.0;
				PRODUCT_BUNDLE_IDENTIFIER = hanyuuge.Teyemer;
				PRODUCT_NAME = "$(TARGET_NAME)";
				SWIFT_EMIT_LOC_STRINGS = YES;
				SWIFT_VERSION = 5.0;
			};
			name = Debug;
		};
		58218FD32E58968C00455483 /* Release */ = {
			isa = XCBuildConfiguration;
			buildSettings = {
				ASSETCATALOG_COMPILER_APPICON_NAME = AppIcon;
				ASSETCATALOG_COMPILER_GLOBAL_ACCENT_COLOR_NAME = AccentColor;
				CODE_SIGN_ENTITLEMENTS = Teyemer/Teyemer.entitlements;
				CODE_SIGN_STYLE = Automatic;
				COMBINE_HIDPI_IMAGES = YES;
				CURRENT_PROJECT_VERSION = 1;
				DEVELOPMENT_ASSET_PATHS = "\"Teyemer/Preview Content\"";
				ENABLE_PREVIEWS = YES;
				GENERATE_INFOPLIST_FILE = YES;
				INFOPLIST_KEY_NSHumanReadableCopyright = "";
				LD_RUNPATH_SEARCH_PATHS = (
					"$(inherited)",
					"@executable_path/../Frameworks",
				);
				MARKETING_VERSION = 1.0;
				PRODUCT_BUNDLE_IDENTIFIER = hanyuuge.Teyemer;
				PRODUCT_NAME = "$(TARGET_NAME)";
				SWIFT_EMIT_LOC_STRINGS = YES;
				SWIFT_VERSION = 5.0;
			};
			name = Release;
		};
		58218FD52E58968C00455483 /* Debug */ = {
			isa = XCBuildConfiguration;
			buildSettings = {
				BUNDLE_LOADER = "$(TEST_HOST)";
				CODE_SIGN_STYLE = Automatic;
				CURRENT_PROJECT_VERSION = 1;
				GENERATE_INFOPLIST_FILE = YES;
				MACOSX_DEPLOYMENT_TARGET = 14.5;
				MARKETING_VERSION = 1.0;
				PRODUCT_BUNDLE_IDENTIFIER = hanyuuge.TeyemerTests;
				PRODUCT_NAME = "$(TARGET_NAME)";
				SWIFT_EMIT_LOC_STRINGS = NO;
				SWIFT_VERSION = 5.0;
				TEST_HOST = "$(BUILT_PRODUCTS_DIR)/Teyemer.app/$(BUNDLE_EXECUTABLE_FOLDER_PATH)/Teyemer";
			};
			name = Debug;
		};
		58218FD62E58968C00455483 /* Release */ = {
			isa = XCBuildConfiguration;
			buildSettings = {
				BUNDLE_LOADER = "$(TEST_HOST)";
				CODE_SIGN_STYLE = Automatic;
				CURRENT_PROJECT_VERSION = 1;
				GENERATE_INFOPLIST_FILE = YES;
				MACOSX_DEPLOYMENT_TARGET = 14.5;
				MARKETING_VERSION = 1.0;
				PRODUCT_BUNDLE_IDENTIFIER = hanyuuge.TeyemerTests;
				PRODUCT_NAME = "$(TARGET_NAME)";
				SWIFT_EMIT_LOC_STRINGS = NO;
				SWIFT_VERSION = 5.0;
				TEST_HOST = "$(BUILT_PRODUCTS_DIR)/Teyemer.app/$(BUNDLE_EXECUTABLE_FOLDER_PATH)/Teyemer";
			};
			name = Release;
		};
		58218FD82E58968C00455483 /* Debug */ = {
			isa = XCBuildConfiguration;
			buildSettings = {
				CODE_SIGN_STYLE = Automatic;
				CURRENT_PROJECT_VERSION = 1;
				GENERATE_INFOPLIST_FILE = YES;
				MARKETING_VERSION = 1.0;
				PRODUCT_BUNDLE_IDENTIFIER = hanyuuge.TeyemerUITests;
				PRODUCT_NAME = "$(TARGET_NAME)";
				SWIFT_EMIT_LOC_STRINGS = NO;
				SWIFT_VERSION = 5.0;
				TEST_TARGET_NAME = Teyemer;
			};
			name = Debug;
		};
		58218FD92E58968C00455483 /* Release */ = {
			isa = XCBuildConfiguration;
			buildSettings = {
				CODE_SIGN_STYLE = Automatic;
				CURRENT_PROJECT_VERSION = 1;
				GENERATE_INFOPLIST_FILE = YES;
				MARKETING_VERSION = 1.0;
				PRODUCT_BUNDLE_IDENTIFIER = hanyuuge.TeyemerUITests;
				PRODUCT_NAME = "$(TARGET_NAME)";
				SWIFT_EMIT_LOC_STRINGS = NO;
				SWIFT_VERSION = 5.0;
				TEST_TARGET_NAME = Teyemer;
			};
			name = Release;
		};
/* End XCBuildConfiguration section */

/* Begin XCConfigurationList section */
		58218FA72E58968A00455483 /* Build configuration list for PBXProject "Teyemer" */ = {
			isa = XCConfigurationList;
			buildConfigurations = (
				58218FCF2E58968C00455483 /* Debug */,
				58218FD02E58968C00455483 /* Release */,
			);
			defaultConfigurationIsVisible = 0;
			defaultConfigurationName = Release;
		};
		58218FD12E58968C00455483 /* Build configuration list for PBXNativeTarget "Teyemer" */ = {
			isa = XCConfigurationList;
			buildConfigurations = (
				58218FD22E58968C00455483 /* Debug */,
				58218FD32E58968C00455483 /* Release */,
			);
			defaultConfigurationIsVisible = 0;
			defaultConfigurationName = Release;
		};
		58218FD42E58968C00455483 /* Build configuration list for PBXNativeTarget "TeyemerTests" */ = {
			isa = XCConfigurationList;
			buildConfigurations = (
				58218FD52E58968C00455483 /* Debug */,
				58218FD62E58968C00455483 /* Release */,
			);
			defaultConfigurationIsVisible = 0;
			defaultConfigurationName = Release;
		};
		58218FD72E58968C00455483 /* Build configuration list for PBXNativeTarget "TeyemerUITests" */ = {
			isa = XCConfigurationList;
			buildConfigurations = (
				58218FD82E58968C00455483 /* Debug */,
				58218FD92E58968C00455483 /* Release */,
			);
			defaultConfigurationIsVisible = 0;
			defaultConfigurationName = Release;
		};
/* End XCConfigurationList section */
	};
	rootObject = 58218FA42E58968A00455483 /* Project object */;
}
